
Microsoft Visual Studio Solution File, Format Version 12.00
# Visual Studio Version 17
VisualStudioVersion = 17.0.32112.339
MinimumVisualStudioVersion = 10.0.40219.1
Project("{FAE04EC0-301F-11D3-BF4B-00C04F79EFBC}") = "LatihanMemberClass", "LatihanMemberClass.csproj", "{BBE58B92-9860-4E47-BB9F-0B35109EE25E}"
EndProject
Global
	GlobalSection(SolutionConfigurationPlatforms) = preSolution
		Debug|Any CPU = Debug|Any CPU
		Release|Any CPU = Release|Any CPU
	EndGlobalSection
	GlobalSection(ProjectConfigurationPlatforms) = postSolution
		{BBE58B92-9860-4E47-BB9F-0B35109EE25E}.Debug|Any CPU.ActiveCfg = Debug|Any CPU
		{BBE58B92-9860-4E47-BB9F-0B35109EE25E}.Debug|Any CPU.Build.0 = Debug|Any CPU
		{BBE58B92-9860-4E47-BB9F-0B35109EE25E}.Release|Any CPU.ActiveCfg = Release|Any CPU
		{BBE58B92-9860-4E47-BB9F-0B35109EE25E}.Release|Any CPU.Build.0 = Release|Any CPU
	EndGlobalSection
	GlobalSection(SolutionProperties) = preSolution
		HideSolutionNode = FALSE
	EndGlobalSection
	GlobalSection(ExtensibilityGlobals) = postSolution
		SolutionGuid = {FE9589BA-8905-460D-ABDE-B57047DA064D}
	EndGlobalSection
EndGlobal
